{
  "version": 4,
  "terraform_version": "1.15.8",
  "serial": 19,
  "lineage": "3fe3cb72-ce78-8b59-531c-60250cb17123",
  "outputs": {
    "s3_bucket_name": {
      "value": "moongcheap-tfstate",
      "type": "string"
    }
  },
  "resources": [
    {
      "mode": "managed",
      "type": "aws_s3_bucket",
      "name": "tfstate_bucket",
      "provider": "provider[\"registry.terraform.io/hashicorp/aws\"]",
      "instances": [
        {
          "schema_version": 0,
          "attributes": {
            "acceleration_status": "",
            "acl": null,
            "arn": "arn:aws:s3:::moongcheap-tfstate",
            "bucket": "moongcheap-tfstate",
            "bucket_domain_name": "moongcheap-tfstate.s3.amazonaws.com",
            "bucket_prefix": "",
            "bucket_regional_domain_name": "moongcheap-tfstate.s3.ap-northeast-2.amazonaws.com",
            "cors_rule": [],
            "force_destroy": false,
            "grant": [
              {
                "id": "05dac3650e586365de84acfe85dca1bfe3c2b866d6522c99d482003de0a9ed55",
                "permissions": [
                  "FULL_CONTROL"
                ],
                "type": "CanonicalUser",
                "uri": ""
              }
            ],
            "hosted_zone_id": "Z3W03O7B5YMIYP",
            "id": "moongcheap-tfstate",
            "lifecycle_rule": [],
            "logging": [],
            "object_lock_configuration": [],
            "object_lock_enabled": false,
            "policy": "",
            "region": "ap-northeast-2",
            "replication_configuration": [],
            "request_payer": "BucketOwner",
            "server_side_encryption_configuration": [
              {
                "rule": [
                  {
                    "apply_server_side_encryption_by_default": [
                      {
                        "kms_master_key_id": "",
                        "sse_algorithm": "AES256"
                      }
                    ],
                    "bucket_key_enabled": false
                  }
                ]
              }
            ],
            "tags": {},
            "tags_all": {
              "ManagedBy": "Terraform",
              "Owner": "cloud",
              "Project": "MoongCheap",
              "Service": "infra"
            },
            "timeouts": null,
            "versioning": [
              {
                "enabled": true,
                "mfa_delete": false
              }
            ],
            "website": [],
            "website_domain": null,
            "website_endpoint": null
          },
          "sensitive_attributes": [],
          "identity_schema_version": 0,
          "private": "eyJlMmJmYjczMC1lY2FhLTExZTYtOGY4OC0zNDM2M2JjN2M0YzAiOnsiY3JlYXRlIjoxMjAwMDAwMDAwMDAwLCJkZWxldGUiOjM2MDAwMDAwMDAwMDAsInJlYWQiOjEyMDAwMDAwMDAwMDAsInVwZGF0ZSI6MTIwMDAwMDAwMDAwMH19"
        }
      ]
    },
    {
      "mode": "managed",
      "type": "aws_s3_bucket_public_access_block",
      "name": "tfstate",
      "provider": "provider[\"registry.terraform.io/hashicorp/aws\"]",
      "instances": [
        {
          "schema_version": 0,
          "attributes": {
            "block_public_acls": true,
            "block_public_policy": true,
            "bucket": "moongcheap-tfstate",
            "id": "moongcheap-tfstate",
            "ignore_public_acls": true,
            "restrict_public_buckets": true
          },
          "sensitive_attributes": [],
          "identity_schema_version": 0,
          "private": "bnVsbA==",
          "dependencies": [
            "aws_s3_bucket.tfstate_bucket"
          ]
        }
      ]
    },
    {
      "mode": "managed",
      "type": "aws_s3_bucket_server_side_encryption_configuration",
      "name": "tfstate_crypto",
      "provider": "provider[\"registry.terraform.io/hashicorp/aws\"]",
      "instances": [
        {
          "schema_version": 0,
          "attributes": {
            "bucket": "moongcheap-tfstate",
            "expected_bucket_owner": "",
            "id": "moongcheap-tfstate",
            "rule": [
              {
                "apply_server_side_encryption_by_default": [
                  {
                    "kms_master_key_id": "",
                    "sse_algorithm": "AES256"
                  }
                ],
                "bucket_key_enabled": false
              }
            ]
          },
          "sensitive_attributes": [],
          "identity_schema_version": 0,
          "private": "bnVsbA==",
          "dependencies": [
            "aws_s3_bucket.tfstate_bucket"
          ]
        }
      ]
    },
    {
      "mode": "managed",
      "type": "aws_s3_bucket_versioning",
      "name": "tfstate_versioning",
      "provider": "provider[\"registry.terraform.io/hashicorp/aws\"]",
      "instances": [
        {
          "schema_version": 0,
          "attributes": {
            "bucket": "moongcheap-tfstate",
            "expected_bucket_owner": "",
            "id": "moongcheap-tfstate",
            "mfa": null,
            "versioning_configuration": [
              {
                "mfa_delete": "",
                "status": "Enabled"
              }
            ]
          },
          "sensitive_attributes": [],
          "identity_schema_version": 0,
          "private": "bnVsbA==",
          "dependencies": [
            "aws_s3_bucket.tfstate_bucket"
          ]
        }
      ]
    },
    {
      "module": "module.budget_alert",
      "mode": "data",
      "type": "archive_file",
      "name": "lambda_zip",
      "provider": "provider[\"registry.terraform.io/hashicorp/archive\"]",
      "instances": [
        {
          "schema_version": 0,
          "attributes": {
            "exclude_symlink_directories": null,
            "excludes": null,
            "id": "bdece7cb2c53f2f229bca8a5b0c0952a5ff0f042",
            "output_base64sha256": "nncXIZendW8m/Ua++CaxlSa1YP47qXCjtguCbmhwXrI=",
            "output_base64sha512": "MVyMEXBsm4V/jTPvJAKRrNkmM1hzMPj4demaQIxrbc8LKss7Hi3vlmdsCionEwkMYqwRMxcTBcAR9ANPZf2GWA==",
            "output_file_mode": null,
            "output_md5": "8667d3cbf3f3734a5435427046ac620a",
            "output_path": "../modules/budget-alert/lambda/lambda_function.zip",
            "output_sha": "bdece7cb2c53f2f229bca8a5b0c0952a5ff0f042",
            "output_sha256": "9e77172197a7756f26fd46bef826b19526b560fe3ba970a3b60b826e68705eb2",
            "output_sha512": "315c8c11706c9b857f8d33ef240291acd92633587330f8f875e99a408c6b6dcf0b2acb3b1e2def96676c0a2a2713090c62ac1133171305c011f4034f65fd8658",
            "output_size": 622,
            "source": [],
            "source_content": null,
            "source_content_filename": null,
            "source_dir": null,
            "source_file": "../modules/budget-alert/lambda/lambda_function.py",
            "type": "zip"
          },
          "sensitive_attributes": [],
          "identity_schema_version": 0
        }
      ]
    },
    {
      "module": "module.budget_alert",
      "mode": "data",
      "type": "aws_caller_identity",
      "name": "current",
      "provider": "provider[\"registry.terraform.io/hashicorp/aws\"]",
      "instances": [
        {
          "schema_version": 0,
          "attributes": {
            "account_id": "840851421204",
            "arn": "arn:aws:iam::840851421204:user/v-infra-jh",
            "id": "840851421204",
            "user_id": "AIDA4HRVGPAKHYGU2SS6X"
          },
          "sensitive_attributes": [],
          "identity_schema_version": 0
        }
      ]
    },
    {
      "module": "module.budget_alert",
      "mode": "data",
      "type": "aws_iam_policy_document",
      "name": "budget_alert_topic_policy",
      "provider": "provider[\"registry.terraform.io/hashicorp/aws\"]",
      "instances": [
        {
          "schema_version": 0,
          "attributes": {
            "id": "3262699606",
            "json": "{\n  \"Version\": \"2012-10-17\",\n  \"Statement\": [\n    {\n      \"Sid\": \"AllowBudgetsPublish\",\n      \"Effect\": \"Allow\",\n      \"Action\": \"SNS:Publish\",\n      \"Resource\": \"arn:aws:sns:ap-northeast-2:840851421204:moongcheap-budget-alert\",\n      \"Principal\": {\n        \"Service\": \"budgets.amazonaws.com\"\n      },\n      \"Condition\": {\n        \"ArnLike\": {\n          \"aws:SourceArn\": \"arn:aws:budgets::840851421204:budget/moongcheap-monthly-budget\"\n        },\n        \"StringEquals\": {\n          \"aws:SourceAccount\": \"840851421204\"\n        }\n      }\n    }\n  ]\n}",
            "minified_json": "{\"Version\":\"2012-10-17\",\"Statement\":[{\"Sid\":\"AllowBudgetsPublish\",\"Effect\":\"Allow\",\"Action\":\"SNS:Publish\",\"Resource\":\"arn:aws:sns:ap-northeast-2:840851421204:moongcheap-budget-alert\",\"Principal\":{\"Service\":\"budgets.amazonaws.com\"},\"Condition\":{\"ArnLike\":{\"aws:SourceArn\":\"arn:aws:budgets::840851421204:budget/moongcheap-monthly-budget\"},\"StringEquals\":{\"aws:SourceAccount\":\"840851421204\"}}}]}",
            "override_json": null,
            "override_policy_documents": null,
            "policy_id": null,
            "source_json": null,
            "source_policy_documents": null,
            "statement": [
              {
                "actions": [
                  "SNS:Publish"
                ],
                "condition": [
                  {
                    "test": "ArnLike",
                    "values": [
                      "arn:aws:budgets::840851421204:budget/moongcheap-monthly-budget"
                    ],
                    "variable": "aws:SourceArn"
                  },
                  {
                    "test": "StringEquals",
                    "values": [
                      "840851421204"
                    ],
                    "variable": "aws:SourceAccount"
                  }
                ],
                "effect": "Allow",
                "not_actions": [],
                "not_principals": [],
                "not_resources": [],
                "principals": [
                  {
                    "identifiers": [
                      "budgets.amazonaws.com"
                    ],
                    "type": "Service"
                  }
                ],
                "resources": [
                  "arn:aws:sns:ap-northeast-2:840851421204:moongcheap-budget-alert"
                ],
                "sid": "AllowBudgetsPublish"
              }
            ],
            "version": "2012-10-17"
          },
          "sensitive_attributes": [],
          "identity_schema_version": 0
        }
      ]
    },
    {
      "module": "module.budget_alert",
      "mode": "managed",
      "type": "aws_budgets_budget",
      "name": "monthly_cost",
      "provider": "provider[\"registry.terraform.io/hashicorp/aws\"]",
      "instances": [
        {
          "schema_version": 0,
          "attributes": {
            "account_id": "840851421204",
            "arn": "arn:aws:budgets::840851421204:budget/moongcheap-monthly-budget",
            "auto_adjust_data": [],
            "budget_type": "COST",
            "cost_filter": [],
            "cost_types": [
              {
                "include_credit": true,
                "include_discount": true,
                "include_other_subscription": true,
                "include_recurring": true,
                "include_refund": true,
                "include_subscription": true,
                "include_support": true,
                "include_tax": true,
                "include_upfront": true,
                "use_amortized": false,
                "use_blended": false
              }
            ],
            "id": "840851421204:moongcheap-monthly-budget",
            "limit_amount": "552.0",
            "limit_unit": "USD",
            "name": "moongcheap-monthly-budget",
            "name_prefix": "",
            "notification": [
              {
                "comparison_operator": "GREATER_THAN",
                "notification_type": "ACTUAL",
                "subscriber_email_addresses": [],
                "subscriber_sns_topic_arns": [
                  "arn:aws:sns:ap-northeast-2:840851421204:moongcheap-budget-alert"
                ],
                "threshold": 100,
                "threshold_type": "PERCENTAGE"
              },
              {
                "comparison_operator": "GREATER_THAN",
                "notification_type": "ACTUAL",
                "subscriber_email_addresses": [],
                "subscriber_sns_topic_arns": [
                  "arn:aws:sns:ap-northeast-2:840851421204:moongcheap-budget-alert"
                ],
                "threshold": 50,
                "threshold_type": "PERCENTAGE"
              },
              {
                "comparison_operator": "GREATER_THAN",
                "notification_type": "ACTUAL",
                "subscriber_email_addresses": [],
                "subscriber_sns_topic_arns": [
                  "arn:aws:sns:ap-northeast-2:840851421204:moongcheap-budget-alert"
                ],
                "threshold": 80,
                "threshold_type": "PERCENTAGE"
              }
            ],
            "planned_limit": [],
            "tags": null,
            "tags_all": {
              "ManagedBy": "Terraform",
              "Owner": "cloud",
              "Project": "MoongCheap",
              "Service": "infra"
            },
            "time_period_end": "2026-10-06_23:59",
            "time_period_start": "2026-09-07_00:00",
            "time_unit": "MONTHLY"
          },
          "sensitive_attributes": [],
          "identity_schema_version": 0,
          "private": "bnVsbA==",
          "dependencies": [
            "module.budget_alert.aws_sns_topic.budget_alert"
          ]
        }
      ]
    },
    {
      "module": "module.budget_alert",
      "mode": "managed",
      "type": "aws_iam_role",
      "name": "lambda_exec",
      "provider": "provider[\"registry.terraform.io/hashicorp/aws\"]",
      "instances": [
        {
          "schema_version": 0,
          "attributes": {
            "arn": "arn:aws:iam::840851421204:role/moongcheap-budget-to-discord-role",
            "assume_role_policy": "{\"Statement\":[{\"Action\":\"sts:AssumeRole\",\"Effect\":\"Allow\",\"Principal\":{\"Service\":\"lambda.amazonaws.com\"}}],\"Version\":\"2012-10-17\"}",
            "create_date": "2026-09-16T07:10:08Z",
            "description": "",
            "force_detach_policies": false,
            "id": "moongcheap-budget-to-discord-role",
            "inline_policy": [],
            "managed_policy_arns": [],
            "max_session_duration": 3600,
            "name": "moongcheap-budget-to-discord-role",
            "name_prefix": "",
            "path": "/",
            "permissions_boundary": "",
            "tags": null,
            "tags_all": {
              "ManagedBy": "Terraform",
              "Owner": "cloud",
              "Project": "MoongCheap",
              "Service": "infra"
            },
            "unique_id": "AROA4HRVGPAKDHCSMXJKS"
          },
          "sensitive_attributes": [],
          "identity_schema_version": 0,
          "private": "bnVsbA=="
        }
      ]
    },
    {
      "module": "module.budget_alert",
      "mode": "managed",
      "type": "aws_iam_role_policy_attachment",
      "name": "lambda_basic",
      "provider": "provider[\"registry.terraform.io/hashicorp/aws\"]",
      "instances": [
        {
          "schema_version": 0,
          "attributes": {
            "id": "moongcheap-budget-to-discord-role-20260916071010099100000001",
            "policy_arn": "arn:aws:iam::aws:policy/service-role/AWSLambdaBasicExecutionRole",
            "role": "moongcheap-budget-to-discord-role"
          },
          "sensitive_attributes": [],
          "identity_schema_version": 0,
          "private": "bnVsbA==",
          "dependencies": [
            "module.budget_alert.aws_iam_role.lambda_exec"
          ]
        }
      ]
    },
    {
      "module": "module.budget_alert",
      "mode": "managed",
      "type": "aws_lambda_function",
      "name": "budget_to_discord",
      "provider": "provider[\"registry.terraform.io/hashicorp/aws\"]",
      "instances": [
        {
          "schema_version": 0,
          "attributes": {
            "architectures": [
              "x86_64"
            ],
            "arn": "arn:aws:lambda:ap-northeast-2:840851421204:function:moongcheap-budget-to-discord",
            "code_sha256": "nncXIZendW8m/Ua++CaxlSa1YP47qXCjtguCbmhwXrI=",
            "code_signing_config_arn": "",
            "dead_letter_config": [],
            "description": "",
            "environment": [
              {
                "variables": {
                  "DISCORD_WEBHOOK_URL": "https://discord.com/api/webhooks/REDACTED/REDACTED"
                }
              }
            ],
            "ephemeral_storage": [
              {
                "size": 512
              }
            ],
            "file_system_config": [],
            "filename": "../modules/budget-alert/lambda/lambda_function.zip",
            "function_name": "moongcheap-budget-to-discord",
            "handler": "lambda_function.lambda_handler",
            "id": "moongcheap-budget-to-discord",
            "image_config": [],
            "image_uri": "",
            "invoke_arn": "arn:aws:apigateway:ap-northeast-2:lambda:path/2015-03-31/functions/arn:aws:lambda:ap-northeast-2:840851421204:function:moongcheap-budget-to-discord/invocations",
            "kms_key_arn": "",
            "last_modified": "2026-09-16T07:10:18.113+0000",
            "layers": null,
            "logging_config": [
              {
                "application_log_level": "",
                "log_format": "Text",
                "log_group": "/aws/lambda/moongcheap-budget-to-discord",
                "system_log_level": ""
              }
            ],
            "memory_size": 128,
            "package_type": "Zip",
            "publish": false,
            "qualified_arn": "arn:aws:lambda:ap-northeast-2:840851421204:function:moongcheap-budget-to-discord:$LATEST",
            "qualified_invoke_arn": "arn:aws:apigateway:ap-northeast-2:lambda:path/2015-03-31/functions/arn:aws:lambda:ap-northeast-2:840851421204:function:moongcheap-budget-to-discord:$LATEST/invocations",
            "replace_security_groups_on_destroy": null,
            "replacement_security_group_ids": null,
            "reserved_concurrent_executions": -1,
            "role": "arn:aws:iam::840851421204:role/moongcheap-budget-to-discord-role",
            "runtime": "python3.12",
            "s3_bucket": null,
            "s3_key": null,
            "s3_object_version": null,
            "signing_job_arn": "",
            "signing_profile_version_arn": "",
            "skip_destroy": false,
            "snap_start": [],
            "source_code_hash": "nncXIZendW8m/Ua++CaxlSa1YP47qXCjtguCbmhwXrI=",
            "source_code_size": 622,
            "tags": null,
            "tags_all": {
              "ManagedBy": "Terraform",
              "Owner": "cloud",
              "Project": "MoongCheap",
              "Service": "infra"
            },
            "timeout": 3,
            "timeouts": null,
            "tracing_config": [
              {
                "mode": "PassThrough"
              }
            ],
            "version": "$LATEST",
            "vpc_config": []
          },
          "sensitive_attributes": [
            [
              {
                "type": "get_attr",
                "value": "environment"
              },
              {
                "type": "index",
                "value": {
                  "value": 0,
                  "type": "number"
                }
              },
              {
                "type": "get_attr",
                "value": "variables"
              },
              {
                "type": "index",
                "value": {
                  "value": "DISCORD_WEBHOOK_URL",
                  "type": "string"
                }
              }
            ]
          ],
          "identity_schema_version": 0,
          "private": "eyJlMmJmYjczMC1lY2FhLTExZTYtOGY4OC0zNDM2M2JjN2M0YzAiOnsiY3JlYXRlIjo2MDAwMDAwMDAwMDAsImRlbGV0ZSI6NjAwMDAwMDAwMDAwLCJ1cGRhdGUiOjYwMDAwMDAwMDAwMH19",
          "dependencies": [
            "module.budget_alert.aws_iam_role.lambda_exec",
            "module.budget_alert.data.archive_file.lambda_zip",
            "module.discord_secret.data.aws_secretsmanager_secret_version.this"
          ]
        }
      ]
    },
    {
      "module": "module.budget_alert",
      "mode": "managed",
      "type": "aws_lambda_permission",
      "name": "allow_sns",
      "provider": "provider[\"registry.terraform.io/hashicorp/aws\"]",
      "instances": [
        {
          "schema_version": 0,
          "attributes": {
            "action": "lambda:InvokeFunction",
            "event_source_token": null,
            "function_name": "moongcheap-budget-to-discord",
            "function_url_auth_type": null,
            "id": "AllowSNSInvoke",
            "principal": "sns.amazonaws.com",
            "principal_org_id": null,
            "qualifier": "",
            "source_account": null,
            "source_arn": "arn:aws:sns:ap-northeast-2:840851421204:moongcheap-budget-alert",
            "statement_id": "AllowSNSInvoke",
            "statement_id_prefix": ""
          },
          "sensitive_attributes": [],
          "identity_schema_version": 0,
          "private": "bnVsbA==",
          "dependencies": [
            "module.budget_alert.aws_iam_role.lambda_exec",
            "module.budget_alert.aws_lambda_function.budget_to_discord",
            "module.budget_alert.aws_sns_topic.budget_alert",
            "module.budget_alert.data.archive_file.lambda_zip",
            "module.discord_secret.data.aws_secretsmanager_secret_version.this"
          ]
        }
      ]
    },
    {
      "module": "module.budget_alert",
      "mode": "managed",
      "type": "aws_sns_topic",
      "name": "budget_alert",
      "provider": "provider[\"registry.terraform.io/hashicorp/aws\"]",
      "instances": [
        {
          "schema_version": 0,
          "attributes": {
            "application_failure_feedback_role_arn": "",
            "application_success_feedback_role_arn": "",
            "application_success_feedback_sample_rate": 0,
            "archive_policy": "",
            "arn": "arn:aws:sns:ap-northeast-2:840851421204:moongcheap-budget-alert",
            "beginning_archive_time": "",
            "content_based_deduplication": false,
            "delivery_policy": "",
            "display_name": "",
            "fifo_throughput_scope": "",
            "fifo_topic": false,
            "firehose_failure_feedback_role_arn": "",
            "firehose_success_feedback_role_arn": "",
            "firehose_success_feedback_sample_rate": 0,
            "http_failure_feedback_role_arn": "",
            "http_success_feedback_role_arn": "",
            "http_success_feedback_sample_rate": 0,
            "id": "arn:aws:sns:ap-northeast-2:840851421204:moongcheap-budget-alert",
            "kms_master_key_id": "",
            "lambda_failure_feedback_role_arn": "",
            "lambda_success_feedback_role_arn": "",
            "lambda_success_feedback_sample_rate": 0,
            "name": "moongcheap-budget-alert",
            "name_prefix": "",
            "owner": "840851421204",
            "policy": "{\"Id\":\"__default_policy_ID\",\"Statement\":[{\"Action\":[\"SNS:GetTopicAttributes\",\"SNS:SetTopicAttributes\",\"SNS:AddPermission\",\"SNS:RemovePermission\",\"SNS:DeleteTopic\",\"SNS:Subscribe\",\"SNS:ListSubscriptionsByTopic\",\"SNS:Publish\"],\"Condition\":{\"StringEquals\":{\"AWS:SourceOwner\":\"840851421204\"}},\"Effect\":\"Allow\",\"Principal\":{\"AWS\":\"*\"},\"Resource\":\"arn:aws:sns:ap-northeast-2:840851421204:moongcheap-budget-alert\",\"Sid\":\"__default_statement_ID\"}],\"Version\":\"2008-10-17\"}",
            "signature_version": 0,
            "sqs_failure_feedback_role_arn": "",
            "sqs_success_feedback_role_arn": "",
            "sqs_success_feedback_sample_rate": 0,
            "tags": null,
            "tags_all": {
              "ManagedBy": "Terraform",
              "Owner": "cloud",
              "Project": "MoongCheap",
              "Service": "infra"
            },
            "tracing_config": ""
          },
          "sensitive_attributes": [],
          "identity_schema_version": 0,
          "private": "bnVsbA=="
        }
      ]
    },
    {
      "module": "module.budget_alert",
      "mode": "managed",
      "type": "aws_sns_topic_policy",
      "name": "budget_alert",
      "provider": "provider[\"registry.terraform.io/hashicorp/aws\"]",
      "instances": [
        {
          "schema_version": 0,
          "attributes": {
            "arn": "arn:aws:sns:ap-northeast-2:840851421204:moongcheap-budget-alert",
            "id": "arn:aws:sns:ap-northeast-2:840851421204:moongcheap-budget-alert",
            "owner": "840851421204",
            "policy": "{\"Statement\":[{\"Action\":\"SNS:Publish\",\"Condition\":{\"ArnLike\":{\"aws:SourceArn\":\"arn:aws:budgets::840851421204:budget/moongcheap-monthly-budget\"},\"StringEquals\":{\"aws:SourceAccount\":\"840851421204\"}},\"Effect\":\"Allow\",\"Principal\":{\"Service\":\"budgets.amazonaws.com\"},\"Resource\":\"arn:aws:sns:ap-northeast-2:840851421204:moongcheap-budget-alert\",\"Sid\":\"AllowBudgetsPublish\"}],\"Version\":\"2012-10-17\"}"
          },
          "sensitive_attributes": [],
          "identity_schema_version": 0,
          "private": "bnVsbA==",
          "dependencies": [
            "module.budget_alert.aws_budgets_budget.monthly_cost",
            "module.budget_alert.aws_sns_topic.budget_alert",
            "module.budget_alert.data.aws_caller_identity.current",
            "module.budget_alert.data.aws_iam_policy_document.budget_alert_topic_policy"
          ]
        }
      ]
    },
    {
      "module": "module.budget_alert",
      "mode": "managed",
      "type": "aws_sns_topic_subscription",
      "name": "lambda_sub",
      "provider": "provider[\"registry.terraform.io/hashicorp/aws\"]",
      "instances": [
        {
          "schema_version": 0,
          "attributes": {
            "arn": "arn:aws:sns:ap-northeast-2:840851421204:moongcheap-budget-alert:3f6682ec-dd3b-42af-8c1b-6807b944ebe1",
            "confirmation_timeout_in_minutes": 1,
            "confirmation_was_authenticated": true,
            "delivery_policy": "",
            "endpoint": "arn:aws:lambda:ap-northeast-2:840851421204:function:moongcheap-budget-to-discord",
            "endpoint_auto_confirms": false,
            "filter_policy": "",
            "filter_policy_scope": "",
            "id": "arn:aws:sns:ap-northeast-2:840851421204:moongcheap-budget-alert:3f6682ec-dd3b-42af-8c1b-6807b944ebe1",
            "owner_id": "840851421204",
            "pending_confirmation": false,
            "protocol": "lambda",
            "raw_message_delivery": false,
            "redrive_policy": "",
            "replay_policy": "",
            "subscription_role_arn": "",
            "topic_arn": "arn:aws:sns:ap-northeast-2:840851421204:moongcheap-budget-alert"
          },
          "sensitive_attributes": [],
          "identity_schema_version": 0,
          "private": "bnVsbA==",
          "dependencies": [
            "module.budget_alert.aws_iam_role.lambda_exec",
            "module.budget_alert.aws_lambda_function.budget_to_discord",
            "module.budget_alert.aws_sns_topic.budget_alert",
            "module.budget_alert.data.archive_file.lambda_zip",
            "module.discord_secret.data.aws_secretsmanager_secret_version.this"
          ]
        }
      ]
    },
    {
      "module": "module.discord_secret",
      "mode": "data",
      "type": "aws_secretsmanager_secret_version",
      "name": "this",
      "provider": "provider[\"registry.terraform.io/hashicorp/aws\"]",
      "instances": [
        {
          "schema_version": 0,
          "attributes": {
            "arn": "arn:aws:secretsmanager:ap-northeast-2:840851421204:secret:moongcheap-develop-infra-discord-secret-OK5hFd",
            "created_date": "2026-09-16T07:04:37Z",
            "id": "moongcheap-develop-infra-discord-secret|AWSCURRENT",
            "secret_binary": "",
            "secret_id": "moongcheap-develop-infra-discord-secret",
            "secret_string": "https://discord.com/api/webhooks/REDACTED/REDACTED",
            "version_id": "1ba3bd16-360e-474c-94ef-7363a44b5cb5",
            "version_stage": "AWSCURRENT",
            "version_stages": [
              "AWSCURRENT"
            ]
          },
          "sensitive_attributes": [
            [
              {
                "type": "get_attr",
                "value": "secret_binary"
              }
            ],
            [
              {
                "type": "get_attr",
                "value": "secret_string"
              }
            ]
          ],
          "identity_schema_version": 0
        }
      ]
    }
  ],
  "check_results": null
}
